// !$*UTF8*$!
{
	archiveVersion = 1;
	classes = {
	};
	objectVersion = 46;
	objects = {

/* Begin PBXBuildFile section */
		3A0357ACBC03F203BFFD39A1 /* Pods_MediaHub.framework in Frameworks */ = {isa = PBXBuildFile; fileRef = 73EE72F1822A3074F47883AC /* Pods_MediaHub.framework */; };
		58EEF54A1EB5513E00D8B10B /* MHDetailViewController.m in Sources */ = {isa = PBXBuildFile; fileRef = 58EEF5491EB5513E00D8B10B /* MHDetailViewController.m */; };
		58EEF54E1EB5568F00D8B10B /* MHPlayerViewController.m in Sources */ = {isa = PBXBuildFile; fileRef = 58EEF54D1EB5568F00D8B10B /* MHPlayerViewController.m */; };
		58F06A8A1EB52F0700F491FB /* MHListCell.m in Sources */ = {isa = PBXBuildFile; fileRef = 58F06A891EB52F0700F491FB /* MHListCell.m */; };
		58F06A8E1EB537C500F491FB /* MHiTunesItem.m in Sources */ = {isa = PBXBuildFile; fileRef = 58F06A8D1EB537C500F491FB /* MHiTunesItem.m */; };
		58F06A911EB5384100F491FB /* MHiTunesSearchResults.m in Sources */ = {isa = PBXBuildFile; fileRef = 58F06A901EB5384100F491FB /* MHiTunesSearchResults.m */; };
		7ADC144291E61F075B1B35F1 /* MHiTunesSearchImp.m in Sources */ = {isa = PBXBuildFile; fileRef = 7ADC1D56C94B34C127E63E96 /* MHiTunesSearchImp.m */; };
		7ADC1790E592E273A8EB2591 /* UISearchBar+RAC.m in Sources */ = {isa = PBXBuildFile; fileRef = 7ADC1D26529B792D27B64378 /* UISearchBar+RAC.m */; };
		CA282007EF923FB61C986D70 /* MHViewModelServicesImpl.m in Sources */ = {isa = PBXBuildFile; fileRef = CA2820843C355B81FE289034 /* MHViewModelServicesImpl.m */; };
		CF2ACAA01EBCD540000B9DB5 /* MHiTunesSearchViewModel.m in Sources */ = {isa = PBXBuildFile; fileRef = CF2ACA9F1EBCD540000B9DB5 /* MHiTunesSearchViewModel.m */; };
		CF2ACAE81EBCF27C000B9DB5 /* SplitViewController.m in Sources */ = {isa = PBXBuildFile; fileRef = CF2ACAE71EBCF27C000B9DB5 /* SplitViewController.m */; };
		CFA1FE601EB529FB002BCFF1 /* main.m in Sources */ = {isa = PBXBuildFile; fileRef = CFA1FE5F1EB529FB002BCFF1 /* main.m */; };
		CFA1FE631EB529FB002BCFF1 /* AppDelegate.m in Sources */ = {isa = PBXBuildFile; fileRef = CFA1FE621EB529FB002BCFF1 /* AppDelegate.m */; };
		CFA1FE661EB529FB002BCFF1 /* MHiTunesSearchViewController.m in Sources */ = {isa = PBXBuildFile; fileRef = CFA1FE651EB529FB002BCFF1 /* MHiTunesSearchViewController.m */; };
		CFA1FE691EB529FB002BCFF1 /* Main.storyboard in Resources */ = {isa = PBXBuildFile; fileRef = CFA1FE671EB529FB002BCFF1 /* Main.storyboard */; };
		CFA1FE6B1EB529FB002BCFF1 /* Assets.xcassets in Resources */ = {isa = PBXBuildFile; fileRef = CFA1FE6A1EB529FB002BCFF1 /* Assets.xcassets */; };
		CFA1FE6E1EB529FB002BCFF1 /* LaunchScreen.storyboard in Resources */ = {isa = PBXBuildFile; fileRef = CFA1FE6C1EB529FB002BCFF1 /* LaunchScreen.storyboard */; };
		CFA1FE791EB529FB002BCFF1 /* MediaHubTests.m in Sources */ = {isa = PBXBuildFile; fileRef = CFA1FE781EB529FB002BCFF1 /* MediaHubTests.m */; };
		CFA1FE841EB529FB002BCFF1 /* MediaHubUITests.m in Sources */ = {isa = PBXBuildFile; fileRef = CFA1FE831EB529FB002BCFF1 /* MediaHubUITests.m */; };
/* End PBXBuildFile section */

/* Begin PBXContainerItemProxy section */
		CFA1FE751EB529FB002BCFF1 /* PBXContainerItemProxy */ = {
			isa = PBXContainerItemProxy;
			containerPortal = CFA1FE531EB529FB002BCFF1 /* Project object */;
			proxyType = 1;
			remoteGlobalIDString = CFA1FE5A1EB529FB002BCFF1;
			remoteInfo = MediaHub;
		};
		CFA1FE801EB529FB002BCFF1 /* PBXContainerItemProxy */ = {
			isa = PBXContainerItemProxy;
			containerPortal = CFA1FE531EB529FB002BCFF1 /* Project object */;
			proxyType = 1;
			remoteGlobalIDString = CFA1FE5A1EB529FB002BCFF1;
			remoteInfo = MediaHub;
		};
/* End PBXContainerItemProxy section */

/* Begin PBXFileReference section */
		58EEF5481EB5513E00D8B10B /* MHDetailViewController.h */ = {isa = PBXFileReference; fileEncoding = 4; lastKnownFileType = sourcecode.c.h; path = MHDetailViewController.h; sourceTree = "<group>"; };
		58EEF5491EB5513E00D8B10B /* MHDetailViewController.m */ = {isa = PBXFileReference; fileEncoding = 4; lastKnownFileType = sourcecode.c.objc; path = MHDetailViewController.m; sourceTree = "<group>"; };
		58EEF54C1EB5568F00D8B10B /* MHPlayerViewController.h */ = {isa = PBXFileReference; fileEncoding = 4; lastKnownFileType = sourcecode.c.h; path = MHPlayerViewController.h; sourceTree = "<group>"; };
		58EEF54D1EB5568F00D8B10B /* MHPlayerViewController.m */ = {isa = PBXFileReference; fileEncoding = 4; lastKnownFileType = sourcecode.c.objc; path = MHPlayerViewController.m; sourceTree = "<group>"; };
		58F06A881EB52F0700F491FB /* MHListCell.h */ = {isa = PBXFileReference; fileEncoding = 4; lastKnownFileType = sourcecode.c.h; path = MHListCell.h; sourceTree = "<group>"; };
		58F06A891EB52F0700F491FB /* MHListCell.m */ = {isa = PBXFileReference; fileEncoding = 4; lastKnownFileType = sourcecode.c.objc; path = MHListCell.m; sourceTree = "<group>"; };
		58F06A8C1EB537C500F491FB /* MHiTunesItem.h */ = {isa = PBXFileReference; fileEncoding = 4; lastKnownFileType = sourcecode.c.h; path = MHiTunesItem.h; sourceTree = "<group>"; };
		58F06A8D1EB537C500F491FB /* MHiTunesItem.m */ = {isa = PBXFileReference; fileEncoding = 4; lastKnownFileType = sourcecode.c.objc; path = MHiTunesItem.m; sourceTree = "<group>"; };
		58F06A8F1EB5384100F491FB /* MHiTunesSearchResults.h */ = {isa = PBXFileReference; fileEncoding = 4; lastKnownFileType = sourcecode.c.h; path = MHiTunesSearchResults.h; sourceTree = "<group>"; };
		58F06A901EB5384100F491FB /* MHiTunesSearchResults.m */ = {isa = PBXFileReference; fileEncoding = 4; lastKnownFileType = sourcecode.c.objc; path = MHiTunesSearchResults.m; sourceTree = "<group>"; };
		73EE72F1822A3074F47883AC /* Pods_MediaHub.framework */ = {isa = PBXFileReference; explicitFileType = wrapper.framework; includeInIndex = 0; path = Pods_MediaHub.framework; sourceTree = BUILT_PRODUCTS_DIR; };
		7ADC13EF3C2A8F11E92AB763 /* MHiTunesSearch.h */ = {isa = PBXFileReference; fileEncoding = 4; lastKnownFileType = sourcecode.c.h; path = MHiTunesSearch.h; sourceTree = "<group>"; };
		7ADC13F7E268B2A64B253FDA /* UISearchBar+RAC.h */ = {isa = PBXFileReference; fileEncoding = 4; lastKnownFileType = sourcecode.c.h; path = "UISearchBar+RAC.h"; sourceTree = "<group>"; };
		7ADC19096967BF374C12F515 /* MHiTunesSearchImp.h */ = {isa = PBXFileReference; fileEncoding = 4; lastKnownFileType = sourcecode.c.h; path = MHiTunesSearchImp.h; sourceTree = "<group>"; };
		7ADC1D26529B792D27B64378 /* UISearchBar+RAC.m */ = {isa = PBXFileReference; fileEncoding = 4; lastKnownFileType = sourcecode.c.objc; path = "UISearchBar+RAC.m"; sourceTree = "<group>"; };
		7ADC1D56C94B34C127E63E96 /* MHiTunesSearchImp.m */ = {isa = PBXFileReference; fileEncoding = 4; lastKnownFileType = sourcecode.c.objc; path = MHiTunesSearchImp.m; sourceTree = "<group>"; };
		892B5362104849D0087E7BD2 /* Pods-MediaHub.release.xcconfig */ = {isa = PBXFileReference; includeInIndex = 1; lastKnownFileType = text.xcconfig; name = "Pods-MediaHub.release.xcconfig"; path = "Pods/Target Support Files/Pods-MediaHub/Pods-MediaHub.release.xcconfig"; sourceTree = "<group>"; };
		CA2820843C355B81FE289034 /* MHViewModelServicesImpl.m */ = {isa = PBXFileReference; fileEncoding = 4; lastKnownFileType = sourcecode.c.objc; path = MHViewModelServicesImpl.m; sourceTree = "<group>"; };
		CA2822E43619B463FE95C2F2 /* MHViewModelServices.h */ = {isa = PBXFileReference; fileEncoding = 4; lastKnownFileType = sourcecode.c.h; path = MHViewModelServices.h; sourceTree = "<group>"; };
		CA2828C825135C42B3DD11E3 /* MHViewModelServicesImpl.h */ = {isa = PBXFileReference; fileEncoding = 4; lastKnownFileType = sourcecode.c.h; path = MHViewModelServicesImpl.h; sourceTree = "<group>"; };
		CF2ACA9E1EBCD540000B9DB5 /* MHiTunesSearchViewModel.h */ = {isa = PBXFileReference; fileEncoding = 4; lastKnownFileType = sourcecode.c.h; path = MHiTunesSearchViewModel.h; sourceTree = "<group>"; };
		CF2ACA9F1EBCD540000B9DB5 /* MHiTunesSearchViewModel.m */ = {isa = PBXFileReference; fileEncoding = 4; lastKnownFileType = sourcecode.c.objc; path = MHiTunesSearchViewModel.m; sourceTree = "<group>"; };
		CF2ACAE61EBCF27C000B9DB5 /* SplitViewController.h */ = {isa = PBXFileReference; fileEncoding = 4; lastKnownFileType = sourcecode.c.h; path = SplitViewController.h; sourceTree = "<group>"; };
		CF2ACAE71EBCF27C000B9DB5 /* SplitViewController.m */ = {isa = PBXFileReference; fileEncoding = 4; lastKnownFileType = sourcecode.c.objc; path = SplitViewController.m; sourceTree = "<group>"; };
		CFA1FE5B1EB529FB002BCFF1 /* MediaHub.app */ = {isa = PBXFileReference; explicitFileType = wrapper.application; includeInIndex = 0; path = MediaHub.app; sourceTree = BUILT_PRODUCTS_DIR; };
		CFA1FE5F1EB529FB002BCFF1 /* main.m */ = {isa = PBXFileReference; lastKnownFileType = sourcecode.c.objc; path = main.m; sourceTree = "<group>"; };
		CFA1FE611EB529FB002BCFF1 /* AppDelegate.h */ = {isa = PBXFileReference; lastKnownFileType = sourcecode.c.h; path = AppDelegate.h; sourceTree = "<group>"; };
		CFA1FE621EB529FB002BCFF1 /* AppDelegate.m */ = {isa = PBXFileReference; lastKnownFileType = sourcecode.c.objc; path = AppDelegate.m; sourceTree = "<group>"; };
		CFA1FE641EB529FB002BCFF1 /* MHiTunesSearchViewController.h */ = {isa = PBXFileReference; lastKnownFileType = sourcecode.c.h; path = MHiTunesSearchViewController.h; sourceTree = "<group>"; };
		CFA1FE651EB529FB002BCFF1 /* MHiTunesSearchViewController.m */ = {isa = PBXFileReference; lastKnownFileType = sourcecode.c.objc; path = MHiTunesSearchViewController.m; sourceTree = "<group>"; };
		CFA1FE681EB529FB002BCFF1 /* Base */ = {isa = PBXFileReference; lastKnownFileType = file.storyboard; name = Base; path = Base.lproj/Main.storyboard; sourceTree = "<group>"; };
		CFA1FE6A1EB529FB002BCFF1 /* Assets.xcassets */ = {isa = PBXFileReference; lastKnownFileType = folder.assetcatalog; path = Assets.xcassets; sourceTree = "<group>"; };
		CFA1FE6D1EB529FB002BCFF1 /* Base */ = {isa = PBXFileReference; lastKnownFileType = file.storyboard; name = Base; path = Base.lproj/LaunchScreen.storyboard; sourceTree = "<group>"; };
		CFA1FE6F1EB529FB002BCFF1 /* Info.plist */ = {isa = PBXFileReference; lastKnownFileType = text.plist.xml; path = Info.plist; sourceTree = "<group>"; };
		CFA1FE741EB529FB002BCFF1 /* MediaHubTests.xctest */ = {isa = PBXFileReference; explicitFileType = wrapper.cfbundle; includeInIndex = 0; path = MediaHubTests.xctest; sourceTree = BUILT_PRODUCTS_DIR; };
		CFA1FE781EB529FB002BCFF1 /* MediaHubTests.m */ = {isa = PBXFileReference; lastKnownFileType = sourcecode.c.objc; path = MediaHubTests.m; sourceTree = "<group>"; };
		CFA1FE7A1EB529FB002BCFF1 /* Info.plist */ = {isa = PBXFileReference; lastKnownFileType = text.plist.xml; path = Info.plist; sourceTree = "<group>"; };
		CFA1FE7F1EB529FB002BCFF1 /* MediaHubUITests.xctest */ = {isa = PBXFileReference; explicitFileType = wrapper.cfbundle; includeInIndex = 0; path = MediaHubUITests.xctest; sourceTree = BUILT_PRODUCTS_DIR; };
		CFA1FE831EB529FB002BCFF1 /* MediaHubUITests.m */ = {isa = PBXFileReference; lastKnownFileType = sourcecode.c.objc; path = MediaHubUITests.m; sourceTree = "<group>"; };
		CFA1FE851EB529FB002BCFF1 /* Info.plist */ = {isa = PBXFileReference; lastKnownFileType = text.plist.xml; path = Info.plist; sourceTree = "<group>"; };
		D2CEFB9ADF35F88D8C761111 /* Pods-MediaHub.debug.xcconfig */ = {isa = PBXFileReference; includeInIndex = 1; lastKnownFileType = text.xcconfig; name = "Pods-MediaHub.debug.xcconfig"; path = "Pods/Target Support Files/Pods-MediaHub/Pods-MediaHub.debug.xcconfig"; sourceTree = "<group>"; };
/* End PBXFileReference section */

/* Begin PBXFrameworksBuildPhase section */
		CFA1FE581EB529FB002BCFF1 /* Frameworks */ = {
			isa = PBXFrameworksBuildPhase;
			buildActionMask = 2147483647;
			files = (
				3A0357ACBC03F203BFFD39A1 /* Pods_MediaHub.framework in Frameworks */,
			);
			runOnlyForDeploymentPostprocessing = 0;
		};
		CFA1FE711EB529FB002BCFF1 /* Frameworks */ = {
			isa = PBXFrameworksBuildPhase;
			buildActionMask = 2147483647;
			files = (
			);
			runOnlyForDeploymentPostprocessing = 0;
		};
		CFA1FE7C1EB529FB002BCFF1 /* Frameworks */ = {
			isa = PBXFrameworksBuildPhase;
			buildActionMask = 2147483647;
			files = (
			);
			runOnlyForDeploymentPostprocessing = 0;
		};
/* End PBXFrameworksBuildPhase section */

/* Begin PBXGroup section */
		58EEF54B1EB5514300D8B10B /* MHDetailView */ = {
			isa = PBXGroup;
			children = (
				58EEF5481EB5513E00D8B10B /* MHDetailViewController.h */,
				58EEF5491EB5513E00D8B10B /* MHDetailViewController.m */,
				58EEF54C1EB5568F00D8B10B /* MHPlayerViewController.h */,
				58EEF54D1EB5568F00D8B10B /* MHPlayerViewController.m */,
			);
			name = MHDetailView;
			sourceTree = "<group>";
		};
		58F06A821EB52E3C00F491FB /* MHListScreen */ = {
			isa = PBXGroup;
			children = (
				CFA1FE641EB529FB002BCFF1 /* MHiTunesSearchViewController.h */,
				CFA1FE651EB529FB002BCFF1 /* MHiTunesSearchViewController.m */,
				58F06A881EB52F0700F491FB /* MHListCell.h */,
				58F06A891EB52F0700F491FB /* MHListCell.m */,
			);
			name = MHListScreen;
			sourceTree = "<group>";
		};
		58F06A8B1EB5376800F491FB /* MHListServiceModel */ = {
			isa = PBXGroup;
			children = (
				58F06A8C1EB537C500F491FB /* MHiTunesItem.h */,
				58F06A8D1EB537C500F491FB /* MHiTunesItem.m */,
				58F06A8F1EB5384100F491FB /* MHiTunesSearchResults.h */,
				58F06A901EB5384100F491FB /* MHiTunesSearchResults.m */,
			);
			name = MHListServiceModel;
			sourceTree = "<group>";
		};
		7A100A8F85C60A32047D6207 /* Frameworks */ = {
			isa = PBXGroup;
			children = (
				73EE72F1822A3074F47883AC /* Pods_MediaHub.framework */,
			);
			name = Frameworks;
			sourceTree = "<group>";
		};
		7ADC1D804CAB39C3292AB7CB /* Model */ = {
			isa = PBXGroup;
			children = (
				7ADC13EF3C2A8F11E92AB763 /* MHiTunesSearch.h */,
				7ADC19096967BF374C12F515 /* MHiTunesSearchImp.h */,
				7ADC1D56C94B34C127E63E96 /* MHiTunesSearchImp.m */,
			);
			path = Model;
			sourceTree = "<group>";
		};
		8667E06A82AC87E3FABBEB0D /* Pods */ = {
			isa = PBXGroup;
			children = (
				D2CEFB9ADF35F88D8C761111 /* Pods-MediaHub.debug.xcconfig */,
				892B5362104849D0087E7BD2 /* Pods-MediaHub.release.xcconfig */,
			);
			name = Pods;
			sourceTree = "<group>";
		};
		CF2ACA9C1EBCD422000B9DB5 /* MHUtil */ = {
			isa = PBXGroup;
			children = (
				7ADC1D26529B792D27B64378 /* UISearchBar+RAC.m */,
				7ADC13F7E268B2A64B253FDA /* UISearchBar+RAC.h */,
			);
			name = MHUtil;
			sourceTree = "<group>";
		};
		CF2ACA9D1EBCD449000B9DB5 /* ViewModel */ = {
			isa = PBXGroup;
			children = (
				CF2ACA9E1EBCD540000B9DB5 /* MHiTunesSearchViewModel.h */,
				CF2ACA9F1EBCD540000B9DB5 /* MHiTunesSearchViewModel.m */,
				CA2822E43619B463FE95C2F2 /* MHViewModelServices.h */,
			);
			name = ViewModel;
			sourceTree = "<group>";
		};
		CFA1FE521EB529FB002BCFF1 = {
			isa = PBXGroup;
			children = (
				CFA1FE5D1EB529FB002BCFF1 /* MediaHub */,
				CFA1FE771EB529FB002BCFF1 /* MediaHubTests */,
				CFA1FE821EB529FB002BCFF1 /* MediaHubUITests */,
				CFA1FE5C1EB529FB002BCFF1 /* Products */,
				8667E06A82AC87E3FABBEB0D /* Pods */,
				7A100A8F85C60A32047D6207 /* Frameworks */,
			);
			sourceTree = "<group>";
		};
		CFA1FE5C1EB529FB002BCFF1 /* Products */ = {
			isa = PBXGroup;
			children = (
				CFA1FE5B1EB529FB002BCFF1 /* MediaHub.app */,
				CFA1FE741EB529FB002BCFF1 /* MediaHubTests.xctest */,
				CFA1FE7F1EB529FB002BCFF1 /* MediaHubUITests.xctest */,
			);
			name = Products;
			sourceTree = "<group>";
		};
		CFA1FE5D1EB529FB002BCFF1 /* MediaHub */ = {
			isa = PBXGroup;
			children = (
				CF2ACA9C1EBCD422000B9DB5 /* MHUtil */,
				7ADC1D804CAB39C3292AB7CB /* Model */,
				58F06A8B1EB5376800F491FB /* MHListServiceModel */,
				CF2ACA9D1EBCD449000B9DB5 /* ViewModel */,
				58F06A821EB52E3C00F491FB /* MHListScreen */,
				58EEF54B1EB5514300D8B10B /* MHDetailView */,
				CFA1FE611EB529FB002BCFF1 /* AppDelegate.h */,
				CFA1FE621EB529FB002BCFF1 /* AppDelegate.m */,
				CF2ACAE61EBCF27C000B9DB5 /* SplitViewController.h */,
				CF2ACAE71EBCF27C000B9DB5 /* SplitViewController.m */,
				CFA1FE671EB529FB002BCFF1 /* Main.storyboard */,
				CFA1FE6A1EB529FB002BCFF1 /* Assets.xcassets */,
				CFA1FE6C1EB529FB002BCFF1 /* LaunchScreen.storyboard */,
				CFA1FE6F1EB529FB002BCFF1 /* Info.plist */,
				CFA1FE5E1EB529FB002BCFF1 /* Supporting Files */,
				CA2820843C355B81FE289034 /* MHViewModelServicesImpl.m */,
				CA2828C825135C42B3DD11E3 /* MHViewModelServicesImpl.h */,
			);
			path = MediaHub;
			sourceTree = "<group>";
		};
		CFA1FE5E1EB529FB002BCFF1 /* Supporting Files */ = {
			isa = PBXGroup;
			children = (
				CFA1FE5F1EB529FB002BCFF1 /* main.m */,
			);
			name = "Supporting Files";
			sourceTree = "<group>";
		};
		CFA1FE771EB529FB002BCFF1 /* MediaHubTests */ = {
			isa = PBXGroup;
			children = (
				CFA1FE781EB529FB002BCFF1 /* MediaHubTests.m */,
				CFA1FE7A1EB529FB002BCFF1 /* Info.plist */,
			);
			path = MediaHubTests;
			sourceTree = "<group>";
		};
		CFA1FE821EB529FB002BCFF1 /* MediaHubUITests */ = {
			isa = PBXGroup;
			children = (
				CFA1FE831EB529FB002BCFF1 /* MediaHubUITests.m */,
				CFA1FE851EB529FB002BCFF1 /* Info.plist */,
			);
			path = MediaHubUITests;
			sourceTree = "<group>";
		};
/* End PBXGroup section */

/* Begin PBXNativeTarget section */
		CFA1FE5A1EB529FB002BCFF1 /* MediaHub */ = {
			isa = PBXNativeTarget;
			buildConfigurationList = CFA1FE881EB529FB002BCFF1 /* Build configuration list for PBXNativeTarget "MediaHub" */;
			buildPhases = (
				2BAD45C2F099B834C670D405 /* [CP] Check Pods Manifest.lock */,
				CFA1FE571EB529FB002BCFF1 /* Sources */,
				CFA1FE581EB529FB002BCFF1 /* Frameworks */,
				CFA1FE591EB529FB002BCFF1 /* Resources */,
				3529BF9507480B879177B5EB /* [CP] Embed Pods Frameworks */,
				B90DFAA79F466B8CFE42ECD1 /* [CP] Copy Pods Resources */,
			);
			buildRules = (
			);
			dependencies = (
			);
			name = MediaHub;
			productName = MediaHub;
			productReference = CFA1FE5B1EB529FB002BCFF1 /* MediaHub.app */;
			productType = "com.apple.product-type.application";
		};
		CFA1FE731EB529FB002BCFF1 /* MediaHubTests */ = {
			isa = PBXNativeTarget;
			buildConfigurationList = CFA1FE8B1EB529FB002BCFF1 /* Build configuration list for PBXNativeTarget "MediaHubTests" */;
			buildPhases = (
				CFA1FE701EB529FB002BCFF1 /* Sources */,
				CFA1FE711EB529FB002BCFF1 /* Frameworks */,
				CFA1FE721EB529FB002BCFF1 /* Resources */,
			);
			buildRules = (
			);
			dependencies = (
				CFA1FE761EB529FB002BCFF1 /* PBXTargetDependency */,
			);
			name = MediaHubTests;
			productName = MediaHubTests;
			productReference = CFA1FE741EB529FB002BCFF1 /* MediaHubTests.xctest */;
			productType = "com.apple.product-type.bundle.unit-test";
		};
		CFA1FE7E1EB529FB002BCFF1 /* MediaHubUITests */ = {
			isa = PBXNativeTarget;
			buildConfigurationList = CFA1FE8E1EB529FB002BCFF1 /* Build configuration list for PBXNativeTarget "MediaHubUITests" */;
			buildPhases = (
				CFA1FE7B1EB529FB002BCFF1 /* Sources */,
				CFA1FE7C1EB529FB002BCFF1 /* Frameworks */,
				CFA1FE7D1EB529FB002BCFF1 /* Resources */,
			);
			buildRules = (
			);
			dependencies = (
				CFA1FE811EB529FB002BCFF1 /* PBXTargetDependency */,
			);
			name = MediaHubUITests;
			productName = MediaHubUITests;
			productReference = CFA1FE7F1EB529FB002BCFF1 /* MediaHubUITests.xctest */;
			productType = "com.apple.product-type.bundle.ui-testing";
		};
/* End PBXNativeTarget section */

/* Begin PBXProject section */
		CFA1FE531EB529FB002BCFF1 /* Project object */ = {
			isa = PBXProject;
			attributes = {
				LastUpgradeCheck = 0830;
				ORGANIZATIONNAME = ShifanW;
				TargetAttributes = {
					CFA1FE5A1EB529FB002BCFF1 = {
						CreatedOnToolsVersion = 8.3.2;
						DevelopmentTeam = 4T22XJ63MJ;
						ProvisioningStyle = Automatic;
					};
					CFA1FE731EB529FB002BCFF1 = {
						CreatedOnToolsVersion = 8.3.2;
						DevelopmentTeam = 4T22XJ63MJ;
						ProvisioningStyle = Automatic;
						TestTargetID = CFA1FE5A1EB529FB002BCFF1;
					};
					CFA1FE7E1EB529FB002BCFF1 = {
						CreatedOnToolsVersion = 8.3.2;
						DevelopmentTeam = 4T22XJ63MJ;
						ProvisioningStyle = Automatic;
						TestTargetID = CFA1FE5A1EB529FB002BCFF1;
					};
				};
			};
			buildConfigurationList = CFA1FE561EB529FB002BCFF1 /* Build configuration list for PBXProject "MediaHub" */;
			compatibilityVersion = "Xcode 3.2";
			developmentRegion = English;
			hasScannedForEncodings = 0;
			knownRegions = (
				en,
				Base,
			);
			mainGroup = CFA1FE521EB529FB002BCFF1;
			productRefGroup = CFA1FE5C1EB529FB002BCFF1 /* Products */;
			projectDirPath = "";
			projectRoot = "";
			targets = (
				CFA1FE5A1EB529FB002BCFF1 /* MediaHub */,
				CFA1FE731EB529FB002BCFF1 /* MediaHubTests */,
				CFA1FE7E1EB529FB002BCFF1 /* MediaHubUITests */,
			);
		};
/* End PBXProject section */

/* Begin PBXResourcesBuildPhase section */
		CFA1FE591EB529FB002BCFF1 /* Resources */ = {
			isa = PBXResourcesBuildPhase;
			buildActionMask = 2147483647;
			files = (
				CFA1FE6E1EB529FB002BCFF1 /* LaunchScreen.storyboard in Resources */,
				CFA1FE6B1EB529FB002BCFF1 /* Assets.xcassets in Resources */,
				CFA1FE691EB529FB002BCFF1 /* Main.storyboard in Resources */,
			);
			runOnlyForDeploymentPostprocessing = 0;
		};
		CFA1FE721EB529FB002BCFF1 /* Resources */ = {
			isa = PBXResourcesBuildPhase;
			buildActionMask = 2147483647;
			files = (
			);
			runOnlyForDeploymentPostprocessing = 0;
		};
		CFA1FE7D1EB529FB002BCFF1 /* Resources */ = {
			isa = PBXResourcesBuildPhase;
			buildActionMask = 2147483647;
			files = (
			);
			runOnlyForDeploymentPostprocessing = 0;
		};
/* End PBXResourcesBuildPhase section */

/* Begin PBXShellScriptBuildPhase section */
		2BAD45C2F099B834C670D405 /* [CP] Check Pods Manifest.lock */ = {
			isa = PBXShellScriptBuildPhase;
			buildActionMask = 2147483647;
			files = (
			);
			inputPaths = (
			);
			name = "[CP] Check Pods Manifest.lock";
			outputPaths = (
			);
			runOnlyForDeploymentPostprocessing = 0;
			shellPath = /bin/sh;
			shellScript = "diff \"${PODS_ROOT}/../Podfile.lock\" \"${PODS_ROOT}/Manifest.lock\" > /dev/null\nif [[ $? != 0 ]] ; then\n    cat << EOM\nerror: The sandbox is not in sync with the Podfile.lock. Run 'pod install' or update your CocoaPods installation.\nEOM\n    exit 1\nfi\n";
			showEnvVarsInLog = 0;
		};
		3529BF9507480B879177B5EB /* [CP] Embed Pods Frameworks */ = {
			isa = PBXShellScriptBuildPhase;
			buildActionMask = 2147483647;
			files = (
			);
			inputPaths = (
			);
			name = "[CP] Embed Pods Frameworks";
			outputPaths = (
			);
			runOnlyForDeploymentPostprocessing = 0;
			shellPath = /bin/sh;
			shellScript = "\"${SRCROOT}/Pods/Target Support Files/Pods-MediaHub/Pods-MediaHub-frameworks.sh\"\n";
			showEnvVarsInLog = 0;
		};
		B90DFAA79F466B8CFE42ECD1 /* [CP] Copy Pods Resources */ = {
			isa = PBXShellScriptBuildPhase;
			buildActionMask = 2147483647;
			files = (
			);
			inputPaths = (
			);
			name = "[CP] Copy Pods Resources";
			outputPaths = (
			);
			runOnlyForDeploymentPostprocessing = 0;
			shellPath = /bin/sh;
			shellScript = "\"${SRCROOT}/Pods/Target Support Files/Pods-MediaHub/Pods-MediaHub-resources.sh\"\n";
			showEnvVarsInLog = 0;
		};
/* End PBXShellScriptBuildPhase section */

/* Begin PBXSourcesBuildPhase section */
		CFA1FE571EB529FB002BCFF1 /* Sources */ = {
			isa = PBXSourcesBuildPhase;
			buildActionMask = 2147483647;
			files = (
				CFA1FE661EB529FB002BCFF1 /* MHiTunesSearchViewController.m in Sources */,
				CF2ACAA01EBCD540000B9DB5 /* MHiTunesSearchViewModel.m in Sources */,
				58F06A8A1EB52F0700F491FB /* MHListCell.m in Sources */,
				58EEF54A1EB5513E00D8B10B /* MHDetailViewController.m in Sources */,
				CFA1FE631EB529FB002BCFF1 /* AppDelegate.m in Sources */,
				58EEF54E1EB5568F00D8B10B /* MHPlayerViewController.m in Sources */,
				58F06A911EB5384100F491FB /* MHiTunesSearchResults.m in Sources */,
				CF2ACAE81EBCF27C000B9DB5 /* SplitViewController.m in Sources */,
				58F06A8E1EB537C500F491FB /* MHiTunesItem.m in Sources */,
				CFA1FE601EB529FB002BCFF1 /* main.m in Sources */,
				7ADC1790E592E273A8EB2591 /* UISearchBar+RAC.m in Sources */,
				7ADC144291E61F075B1B35F1 /* MHiTunesSearchImp.m in Sources */,
				CA282007EF923FB61C986D70 /* MHViewModelServicesImpl.m in Sources */,
			);
			runOnlyForDeploymentPostprocessing = 0;
		};
		CFA1FE701EB529FB002BCFF1 /* Sources */ = {
			isa = PBXSourcesBuildPhase;
			buildActionMask = 2147483647;
			files = (
				CFA1FE791EB529FB002BCFF1 /* MediaHubTests.m in Sources */,
			);
			runOnlyForDeploymentPostprocessing = 0;
		};
		CFA1FE7B1EB529FB002BCFF1 /* Sources */ = {
			isa = PBXSourcesBuildPhase;
			buildActionMask = 2147483647;
			files = (
				CFA1FE841EB529FB002BCFF1 /* MediaHubUITests.m in Sources */,
			);
			runOnlyForDeploymentPostprocessing = 0;
		};
/* End PBXSourcesBuildPhase section */

/* Begin PBXTargetDependency section */
		CFA1FE761EB529FB002BCFF1 /* PBXTargetDependency */ = {
			isa = PBXTargetDependency;
			target = CFA1FE5A1EB529FB002BCFF1 /* MediaHub */;
			targetProxy = CFA1FE751EB529FB002BCFF1 /* PBXContainerItemProxy */;
		};
		CFA1FE811EB529FB002BCFF1 /* PBXTargetDependency */ = {
			isa = PBXTargetDependency;
			target = CFA1FE5A1EB529FB002BCFF1 /* MediaHub */;
			targetProxy = CFA1FE801EB529FB002BCFF1 /* PBXContainerItemProxy */;
		};
/* End PBXTargetDependency section */

/* Begin PBXVariantGroup section */
		CFA1FE671EB529FB002BCFF1 /* Main.storyboard */ = {
			isa = PBXVariantGroup;
			children = (
				CFA1FE681EB529FB002BCFF1 /* Base */,
			);
			name = Main.storyboard;
			sourceTree = "<group>";
		};
		CFA1FE6C1EB529FB002BCFF1 /* LaunchScreen.storyboard */ = {
			isa = PBXVariantGroup;
			children = (
				CFA1FE6D1EB529FB002BCFF1 /* Base */,
			);
			name = LaunchScreen.storyboard;
			sourceTree = "<group>";
		};
/* End PBXVariantGroup section */

/* Begin XCBuildConfiguration section */
		CFA1FE861EB529FB002BCFF1 /* Debug */ = {
			isa = XCBuildConfiguration;
			buildSettings = {
				ALWAYS_SEARCH_USER_PATHS = NO;
				CLANG_ANALYZER_NONNULL = YES;
				CLANG_ANALYZER_NUMBER_OBJECT_CONVERSION = YES_AGGRESSIVE;
				CLANG_CXX_LANGUAGE_STANDARD = "gnu++0x";
				CLANG_CXX_LIBRARY = "libc++";
				CLANG_ENABLE_MODULES = YES;
				CLANG_ENABLE_OBJC_ARC = YES;
				CLANG_WARN_BOOL_CONVERSION = YES;
				CLANG_WARN_CONSTANT_CONVERSION = YES;
				CLANG_WARN_DIRECT_OBJC_ISA_USAGE = YES_ERROR;
				CLANG_WARN_DOCUMENTATION_COMMENTS = YES;
				CLANG_WARN_EMPTY_BODY = YES;
				CLANG_WARN_ENUM_CONVERSION = YES;
				CLANG_WARN_INFINITE_RECURSION = YES;
				CLANG_WARN_INT_CONVERSION = YES;
				CLANG_WARN_OBJC_ROOT_CLASS = YES_ERROR;
				CLANG_WARN_SUSPICIOUS_MOVE = YES;
				CLANG_WARN_UNREACHABLE_CODE = YES;
				CLANG_WARN__DUPLICATE_METHOD_MATCH = YES;
				"CODE_SIGN_IDENTITY[sdk=iphoneos*]" = "iPhone Developer";
				COPY_PHASE_STRIP = NO;
				DEBUG_INFORMATION_FORMAT = dwarf;
				ENABLE_STRICT_OBJC_MSGSEND = YES;
				ENABLE_TESTABILITY = YES;
				GCC_C_LANGUAGE_STANDARD = gnu99;
				GCC_DYNAMIC_NO_PIC = NO;
				GCC_NO_COMMON_BLOCKS = YES;
				GCC_OPTIMIZATION_LEVEL = 0;
				GCC_PREPROCESSOR_DEFINITIONS = (
					"DEBUG=1",
					"$(inherited)",
				);
				GCC_WARN_64_TO_32_BIT_CONVERSION = YES;
				GCC_WARN_ABOUT_RETURN_TYPE = YES_ERROR;
				GCC_WARN_UNDECLARED_SELECTOR = YES;
				GCC_WARN_UNINITIALIZED_AUTOS = YES_AGGRESSIVE;
				GCC_WARN_UNUSED_FUNCTION = YES;
				GCC_WARN_UNUSED_VARIABLE = YES;
				IPHONEOS_DEPLOYMENT_TARGET = 10.3;
				MTL_ENABLE_DEBUG_INFO = YES;
				ONLY_ACTIVE_ARCH = YES;
				SDKROOT = iphoneos;
				TARGETED_DEVICE_FAMILY = "1,2";
			};
			name = Debug;
		};
		CFA1FE871EB529FB002BCFF1 /* Release */ = {
			isa = XCBuildConfiguration;
			buildSettings = {
				ALWAYS_SEARCH_USER_PATHS = NO;
				CLANG_ANALYZER_NONNULL = YES;
				CLANG_ANALYZER_NUMBER_OBJECT_CONVERSION = YES_AGGRESSIVE;
				CLANG_CXX_LANGUAGE_STANDARD = "gnu++0x";
				CLANG_CXX_LIBRARY = "libc++";
				CLANG_ENABLE_MODULES = YES;
				CLANG_ENABLE_OBJC_ARC = YES;
				CLANG_WARN_BOOL_CONVERSION = YES;
				CLANG_WARN_CONSTANT_CONVERSION = YES;
				CLANG_WARN_DIRECT_OBJC_ISA_USAGE = YES_ERROR;
				CLANG_WARN_DOCUMENTATION_COMMENTS = YES;
				CLANG_WARN_EMPTY_BODY = YES;
				CLANG_WARN_ENUM_CONVERSION = YES;
				CLANG_WARN_INFINITE_RECURSION = YES;
				CLANG_WARN_INT_CONVERSION = YES;
				CLANG_WARN_OBJC_ROOT_CLASS = YES_ERROR;
				CLANG_WARN_SUSPICIOUS_MOVE = YES;
				CLANG_WARN_UNREACHABLE_CODE = YES;
				CLANG_WARN__DUPLICATE_METHOD_MATCH = YES;
				"CODE_SIGN_IDENTITY[sdk=iphoneos*]" = "iPhone Developer";
				COPY_PHASE_STRIP = NO;
				DEBUG_INFORMATION_FORMAT = "dwarf-with-dsym";
				ENABLE_NS_ASSERTIONS = NO;
				ENABLE_STRICT_OBJC_MSGSEND = YES;
				GCC_C_LANGUAGE_STANDARD = gnu99;
				GCC_NO_COMMON_BLOCKS = YES;
				GCC_WARN_64_TO_32_BIT_CONVERSION = YES;
				GCC_WARN_ABOUT_RETURN_TYPE = YES_ERROR;
				GCC_WARN_UNDECLARED_SELECTOR = YES;
				GCC_WARN_UNINITIALIZED_AUTOS = YES_AGGRESSIVE;
				GCC_WARN_UNUSED_FUNCTION = YES;
				GCC_WARN_UNUSED_VARIABLE = YES;
				IPHONEOS_DEPLOYMENT_TARGET = 10.3;
				MTL_ENABLE_DEBUG_INFO = NO;
				SDKROOT = iphoneos;
				TARGETED_DEVICE_FAMILY = "1,2";
				VALIDATE_PRODUCT = YES;
			};
			name = Release;
		};
		CFA1FE891EB529FB002BCFF1 /* Debug */ = {
			isa = XCBuildConfiguration;
			baseConfigurationReference = D2CEFB9ADF35F88D8C761111 /* Pods-MediaHub.debug.xcconfig */;
			buildSettings = {
				ASSETCATALOG_COMPILER_APPICON_NAME = AppIcon;
				DEVELOPMENT_TEAM = 4T22XJ63MJ;
				INFOPLIST_FILE = MediaHub/Info.plist;
				LD_RUNPATH_SEARCH_PATHS = "$(inherited) @executable_path/Frameworks";
				PRODUCT_BUNDLE_IDENTIFIER = com.shifanw.MediaHub;
				PRODUCT_NAME = "$(TARGET_NAME)";
			};
			name = Debug;
		};
		CFA1FE8A1EB529FB002BCFF1 /* Release */ = {
			isa = XCBuildConfiguration;
			baseConfigurationReference = 892B5362104849D0087E7BD2 /* Pods-MediaHub.release.xcconfig */;
			buildSettings = {
				ASSETCATALOG_COMPILER_APPICON_NAME = AppIcon;
				DEVELOPMENT_TEAM = 4T22XJ63MJ;
				INFOPLIST_FILE = MediaHub/Info.plist;
				LD_RUNPATH_SEARCH_PATHS = "$(inherited) @executable_path/Frameworks";
				PRODUCT_BUNDLE_IDENTIFIER = com.shifanw.MediaHub;
				PRODUCT_NAME = "$(TARGET_NAME)";
			};
			name = Release;
		};
		CFA1FE8C1EB529FB002BCFF1 /* Debug */ = {
			isa = XCBuildConfiguration;
			buildSettings = {
				BUNDLE_LOADER = "$(TEST_HOST)";
				DEVELOPMENT_TEAM = 4T22XJ63MJ;
				INFOPLIST_FILE = MediaHubTests/Info.plist;
				LD_RUNPATH_SEARCH_PATHS = "$(inherited) @executable_path/Frameworks @loader_path/Frameworks";
				PRODUCT_BUNDLE_IDENTIFIER = com.shifanw.MediaHubTests;
				PRODUCT_NAME = "$(TARGET_NAME)";
				TEST_HOST = "$(BUILT_PRODUCTS_DIR)/MediaHub.app/MediaHub";
			};
			name = Debug;
		};
		CFA1FE8D1EB529FB002BCFF1 /* Release */ = {
			isa = XCBuildConfiguration;
			buildSettings = {
				BUNDLE_LOADER = "$(TEST_HOST)";
				DEVELOPMENT_TEAM = 4T22XJ63MJ;
				INFOPLIST_FILE = MediaHubTests/Info.plist;
				LD_RUNPATH_SEARCH_PATHS = "$(inherited) @executable_path/Frameworks @loader_path/Frameworks";
				PRODUCT_BUNDLE_IDENTIFIER = com.shifanw.MediaHubTests;
				PRODUCT_NAME = "$(TARGET_NAME)";
				TEST_HOST = "$(BUILT_PRODUCTS_DIR)/MediaHub.app/MediaHub";
			};
			name = Release;
		};
		CFA1FE8F1EB529FB002BCFF1 /* Debug */ = {
			isa = XCBuildConfiguration;
			buildSettings = {
				DEVELOPMENT_TEAM = 4T22XJ63MJ;
				INFOPLIST_FILE = MediaHubUITests/Info.plist;
				LD_RUNPATH_SEARCH_PATHS = "$(inherited) @executable_path/Frameworks @loader_path/Frameworks";
				PRODUCT_BUNDLE_IDENTIFIER = com.shifanw.MediaHubUITests;
				PRODUCT_NAME = "$(TARGET_NAME)";
				TEST_TARGET_NAME = MediaHub;
			};
			name = Debug;
		};
		CFA1FE901EB529FB002BCFF1 /* Release */ = {
			isa = XCBuildConfiguration;
			buildSettings = {
				DEVELOPMENT_TEAM = 4T22XJ63MJ;
				INFOPLIST_FILE = MediaHubUITests/Info.plist;
				LD_RUNPATH_SEARCH_PATHS = "$(inherited) @executable_path/Frameworks @loader_path/Frameworks";
				PRODUCT_BUNDLE_IDENTIFIER = com.shifanw.MediaHubUITests;
				PRODUCT_NAME = "$(TARGET_NAME)";
				TEST_TARGET_NAME = MediaHub;
			};
			name = Release;
		};
/* End XCBuildConfiguration section */

/* Begin XCConfigurationList section */
		CFA1FE561EB529FB002BCFF1 /* Build configuration list for PBXProject "MediaHub" */ = {
			isa = XCConfigurationList;
			buildConfigurations = (
				CFA1FE861EB529FB002BCFF1 /* Debug */,
				CFA1FE871EB529FB002BCFF1 /* Release */,
			);
			defaultConfigurationIsVisible = 0;
			defaultConfigurationName = Release;
		};
		CFA1FE881EB529FB002BCFF1 /* Build configuration list for PBXNativeTarget "MediaHub" */ = {
			isa = XCConfigurationList;
			buildConfigurations = (
				CFA1FE891EB529FB002BCFF1 /* Debug */,
				CFA1FE8A1EB529FB002BCFF1 /* Release */,
			);
			defaultConfigurationIsVisible = 0;
			defaultConfigurationName = Release;
		};
		CFA1FE8B1EB529FB002BCFF1 /* Build configuration list for PBXNativeTarget "MediaHubTests" */ = {
			isa = XCConfigurationList;
			buildConfigurations = (
				CFA1FE8C1EB529FB002BCFF1 /* Debug */,
				CFA1FE8D1EB529FB002BCFF1 /* Release */,
			);
			defaultConfigurationIsVisible = 0;
			defaultConfigurationName = Release;
		};
		CFA1FE8E1EB529FB002BCFF1 /* Build configuration list for PBXNativeTarget "MediaHubUITests" */ = {
			isa = XCConfigurationList;
			buildConfigurations = (
				CFA1FE8F1EB529FB002BCFF1 /* Debug */,
				CFA1FE901EB529FB002BCFF1 /* Release */,
			);
			defaultConfigurationIsVisible = 0;
			defaultConfigurationName = Release;
		};
/* End XCConfigurationList section */
	};
	rootObject = CFA1FE531EB529FB002BCFF1 /* Project object */;
}
